
Microsoft Visual Studio Solution File, Format Version 12.00
# Visual Studio Version 16
VisualStudioVersion = 16.0.30804.86
MinimumVisualStudioVersion = 10.0.40219.1
Project("{FAE04EC0-301F-11D3-BF4B-00C04F79EFBC}") = "AppCenterBuild.UWP", "AppCenterBuild.UWP\AppCenterBuild.UWP.csproj", "{5271A58F-3431-4380-B37D-CE2782E8DEAF}"
EndProject
Project("{FAE04EC0-301F-11D3-BF4B-00C04F79EFBC}") = "AppCenterBuild.Android", "AppCenterBuild.Android\AppCenterBuild.Android.csproj", "{322B7184-5200-4830-9F04-E93CA3D286CA}"
EndProject
Project("{FAE04EC0-301F-11D3-BF4B-00C04F79EFBC}") = "AppCenterBuild.iOS", "AppCenterBuild.iOS\AppCenterBuild.iOS.csproj", "{BAF443DC-7F6D-44CE-9A69-0E0D85A85D03}"
EndProject
Project("{FAE04EC0-301F-11D3-BF4B-00C04F79EFBC}") = "AppCenterBuild", "AppCenterBuild\AppCenterBuild.csproj", "{B0DEFEA3-7D2F-440C-9DA4-71B505FBE84C}"
EndProject
Global
	GlobalSection(SolutionConfigurationPlatforms) = preSolution
		Debug|Any CPU = Debug|Any CPU
		Debug|ARM = Debug|ARM
		Debug|iPhone = Debug|iPhone
		Debug|iPhoneSimulator = Debug|iPhoneSimulator
		Debug|x64 = Debug|x64
		Debug|x86 = Debug|x86
		Release|Any CPU = Release|Any CPU
		Release|ARM = Release|ARM
		Release|iPhone = Release|iPhone
		Release|iPhoneSimulator = Release|iPhoneSimulator
		Release|x64 = Release|x64
		Release|x86 = Release|x86
	EndGlobalSection
	GlobalSection(ProjectConfigurationPlatforms) = postSolution
		{5271A58F-3431-4380-B37D-CE2782E8DEAF}.Debug|Any CPU.ActiveCfg = Debug|x86
		{5271A58F-3431-4380-B37D-CE2782E8DEAF}.Debug|Any CPU.Build.0 = Debug|x86
		{5271A58F-3431-4380-B37D-CE2782E8DEAF}.Debug|Any CPU.Deploy.0 = Debug|x86
		{5271A58F-3431-4380-B37D-CE2782E8DEAF}.Debug|ARM.ActiveCfg = Debug|ARM
		{5271A58F-3431-4380-B37D-CE2782E8DEAF}.Debug|ARM.Build.0 = Debug|ARM
		{5271A58F-3431-4380-B37D-CE2782E8DEAF}.Debug|ARM.Deploy.0 = Debug|ARM
		{5271A58F-3431-4380-B37D-CE2782E8DEAF}.Debug|iPhone.ActiveCfg = Debug|x86
		{5271A58F-3431-4380-B37D-CE2782E8DEAF}.Debug|iPhone.Build.0 = Debug|x86
		{5271A58F-3431-4380-B37D-CE2782E8DEAF}.Debug|iPhone.Deploy.0 = Debug|x86
		{5271A58F-3431-4380-B37D-CE2782E8DEAF}.Debug|iPhoneSimulator.ActiveCfg = Debug|x86
		{5271A58F-3431-4380-B37D-CE2782E8DEAF}.Debug|iPhoneSimulator.Build.0 = Debug|x86
		{5271A58F-3431-4380-B37D-CE2782E8DEAF}.Debug|iPhoneSimulator.Deploy.0 = Debug|x86
		{5271A58F-3431-4380-B37D-CE2782E8DEAF}.Debug|x64.ActiveCfg = Debug|x64
		{5271A58F-3431-4380-B37D-CE2782E8DEAF}.Debug|x64.Build.0 = Debug|x64
		{5271A58F-3431-4380-B37D-CE2782E8DEAF}.Debug|x64.Deploy.0 = Debug|x64
		{5271A58F-3431-4380-B37D-CE2782E8DEAF}.Debug|x86.ActiveCfg = Debug|x86
		{5271A58F-3431-4380-B37D-CE2782E8DEAF}.Debug|x86.Build.0 = Debug|x86
		{5271A58F-3431-4380-B37D-CE2782E8DEAF}.Debug|x86.Deploy.0 = Debug|x86
		{5271A58F-3431-4380-B37D-CE2782E8DEAF}.Release|Any CPU.ActiveCfg = Release|x86
		{5271A58F-3431-4380-B37D-CE2782E8DEAF}.Release|Any CPU.Build.0 = Release|x86
		{5271A58F-3431-4380-B37D-CE2782E8DEAF}.Release|Any CPU.Deploy.0 = Release|x86
		{5271A58F-3431-4380-B37D-CE2782E8DEAF}.Release|ARM.ActiveCfg = Release|ARM
		{5271A58F-3431-4380-B37D-CE2782E8DEAF}.Release|ARM.Build.0 = Release|ARM
		{5271A58F-3431-4380-B37D-CE2782E8DEAF}.Release|ARM.Deploy.0 = Release|ARM
		{5271A58F-3431-4380-B37D-CE2782E8DEAF}.Release|iPhone.ActiveCfg = Release|x86
		{5271A58F-3431-4380-B37D-CE2782E8DEAF}.Release|iPhone.Build.0 = Release|x86
		{5271A58F-3431-4380-B37D-CE2782E8DEAF}.Release|iPhone.Deploy.0 = Release|x86
		{5271A58F-3431-4380-B37D-CE2782E8DEAF}.Release|iPhoneSimulator.ActiveCfg = Release|x86
		{5271A58F-3431-4380-B37D-CE2782E8DEAF}.Release|iPhoneSimulator.Build.0 = Release|x86
		{5271A58F-3431-4380-B37D-CE2782E8DEAF}.Release|iPhoneSimulator.Deploy.0 = Release|x86
		{5271A58F-3431-4380-B37D-CE2782E8DEAF}.Release|x64.ActiveCfg = Release|x64
		{5271A58F-3431-4380-B37D-CE2782E8DEAF}.Release|x64.Build.0 = Release|x64
		{5271A58F-3431-4380-B37D-CE2782E8DEAF}.Release|x64.Deploy.0 = Release|x64
		{5271A58F-3431-4380-B37D-CE2782E8DEAF}.Release|x86.ActiveCfg = Release|x86
		{5271A58F-3431-4380-B37D-CE2782E8DEAF}.Release|x86.Build.0 = Release|x86
		{5271A58F-3431-4380-B37D-CE2782E8DEAF}.Release|x86.Deploy.0 = Release|x86
		{322B7184-5200-4830-9F04-E93CA3D286CA}.Debug|Any CPU.ActiveCfg = Debug|Any CPU
		{322B7184-5200-4830-9F04-E93CA3D286CA}.Debug|Any CPU.Build.0 = Debug|Any CPU
		{322B7184-5200-4830-9F04-E93CA3D286CA}.Debug|Any CPU.Deploy.0 = Debug|Any CPU
		{322B7184-5200-4830-9F04-E93CA3D286CA}.Debug|ARM.ActiveCfg = Debug|Any CPU
		{322B7184-5200-4830-9F04-E93CA3D286CA}.Debug|ARM.Build.0 = Debug|Any CPU
		{322B7184-5200-4830-9F04-E93CA3D286CA}.Debug|ARM.Deploy.0 = Debug|Any CPU
		{322B7184-5200-4830-9F04-E93CA3D286CA}.Debug|iPhone.ActiveCfg = Debug|Any CPU
		{322B7184-5200-4830-9F04-E93CA3D286CA}.Debug|iPhone.Build.0 = Debug|Any CPU
		{322B7184-5200-4830-9F04-E93CA3D286CA}.Debug|iPhone.Deploy.0 = Debug|Any CPU
		{322B7184-5200-4830-9F04-E93CA3D286CA}.Debug|iPhoneSimulator.ActiveCfg = Debug|Any CPU
		{322B7184-5200-4830-9F04-E93CA3D286CA}.Debug|iPhoneSimulator.Build.0 = Debug|Any CPU
		{322B7184-5200-4830-9F04-E93CA3D286CA}.Debug|iPhoneSimulator.Deploy.0 = Debug|Any CPU
		{322B7184-5200-4830-9F04-E93CA3D286CA}.Debug|x64.ActiveCfg = Debug|Any CPU
		{322B7184-5200-4830-9F04-E93CA3D286CA}.Debug|x64.Build.0 = Debug|Any CPU
		{322B7184-5200-4830-9F04-E93CA3D286CA}.Debug|x64.Deploy.0 = Debug|Any CPU
		{322B7184-5200-4830-9F04-E93CA3D286CA}.Debug|x86.ActiveCfg = Debug|Any CPU
		{322B7184-5200-4830-9F04-E93CA3D286CA}.Debug|x86.Build.0 = Debug|Any CPU
		{322B7184-5200-4830-9F04-E93CA3D286CA}.Debug|x86.Deploy.0 = Debug|Any CPU
		{322B7184-5200-4830-9F04-E93CA3D286CA}.Release|Any CPU.ActiveCfg = Release|Any CPU
		{322B7184-5200-4830-9F04-E93CA3D286CA}.Release|Any CPU.Build.0 = Release|Any CPU
		{322B7184-5200-4830-9F04-E93CA3D286CA}.Release|Any CPU.Deploy.0 = Release|Any CPU
		{322B7184-5200-4830-9F04-E93CA3D286CA}.Release|ARM.ActiveCfg = Release|Any CPU
		{322B7184-5200-4830-9F04-E93CA3D286CA}.Release|ARM.Build.0 = Release|Any CPU
		{322B7184-5200-4830-9F04-E93CA3D286CA}.Release|ARM.Deploy.0 = Release|Any CPU
		{322B7184-5200-4830-9F04-E93CA3D286CA}.Release|iPhone.ActiveCfg = Release|Any CPU
		{322B7184-5200-4830-9F04-E93CA3D286CA}.Release|iPhone.Build.0 = Release|Any CPU
		{322B7184-5200-4830-9F04-E93CA3D286CA}.Release|iPhone.Deploy.0 = Release|Any CPU
		{322B7184-5200-4830-9F04-E93CA3D286CA}.Release|iPhoneSimulator.ActiveCfg = Release|Any CPU
		{322B7184-5200-4830-9F04-E93CA3D286CA}.Release|iPhoneSimulator.Build.0 = Release|Any CPU
		{322B7184-5200-4830-9F04-E93CA3D286CA}.Release|iPhoneSimulator.Deploy.0 = Release|Any CPU
		{322B7184-5200-4830-9F04-E93CA3D286CA}.Release|x64.ActiveCfg = Release|Any CPU
		{322B7184-5200-4830-9F04-E93CA3D286CA}.Release|x64.Build.0 = Release|Any CPU
		{322B7184-5200-4830-9F04-E93CA3D286CA}.Release|x64.Deploy.0 = Release|Any CPU
		{322B7184-5200-4830-9F04-E93CA3D286CA}.Release|x86.ActiveCfg = Release|Any CPU
		{322B7184-5200-4830-9F04-E93CA3D286CA}.Release|x86.Build.0 = Release|Any CPU
		{322B7184-5200-4830-9F04-E93CA3D286CA}.Release|x86.Deploy.0 = Release|Any CPU
		{BAF443DC-7F6D-44CE-9A69-0E0D85A85D03}.Debug|Any CPU.ActiveCfg = Debug|iPhoneSimulator
		{BAF443DC-7F6D-44CE-9A69-0E0D85A85D03}.Debug|Any CPU.Build.0 = Debug|iPhoneSimulator
		{BAF443DC-7F6D-44CE-9A69-0E0D85A85D03}.Debug|Any CPU.Deploy.0 = Debug|iPhoneSimulator
		{BAF443DC-7F6D-44CE-9A69-0E0D85A85D03}.Debug|ARM.ActiveCfg = Debug|iPhone
		{BAF443DC-7F6D-44CE-9A69-0E0D85A85D03}.Debug|ARM.Build.0 = Debug|iPhone
		{BAF443DC-7F6D-44CE-9A69-0E0D85A85D03}.Debug|ARM.Deploy.0 = Debug|iPhone
		{BAF443DC-7F6D-44CE-9A69-0E0D85A85D03}.Debug|iPhone.ActiveCfg = Debug|iPhone
		{BAF443DC-7F6D-44CE-9A69-0E0D85A85D03}.Debug|iPhone.Build.0 = Debug|iPhone
		{BAF443DC-7F6D-44CE-9A69-0E0D85A85D03}.Debug|iPhone.Deploy.0 = Debug|iPhone
		{BAF443DC-7F6D-44CE-9A69-0E0D85A85D03}.Debug|iPhoneSimulator.ActiveCfg = Debug|iPhoneSimulator
		{BAF443DC-7F6D-44CE-9A69-0E0D85A85D03}.Debug|iPhoneSimulator.Build.0 = Debug|iPhoneSimulator
		{BAF443DC-7F6D-44CE-9A69-0E0D85A85D03}.Debug|iPhoneSimulator.Deploy.0 = Debug|iPhoneSimulator
		{BAF443DC-7F6D-44CE-9A69-0E0D85A85D03}.Debug|x64.ActiveCfg = Debug|iPhoneSimulator
		{BAF443DC-7F6D-44CE-9A69-0E0D85A85D03}.Debug|x64.Build.0 = Debug|iPhoneSimulator
		{BAF443DC-7F6D-44CE-9A69-0E0D85A85D03}.Debug|x64.Deploy.0 = Debug|iPhoneSimulator
		{BAF443DC-7F6D-44CE-9A69-0E0D85A85D03}.Debug|x86.ActiveCfg = Debug|iPhoneSimulator
		{BAF443DC-7F6D-44CE-9A69-0E0D85A85D03}.Debug|x86.Build.0 = Debug|iPhoneSimulator
		{BAF443DC-7F6D-44CE-9A69-0E0D85A85D03}.Debug|x86.Deploy.0 = Debug|iPhoneSimulator
		{BAF443DC-7F6D-44CE-9A69-0E0D85A85D03}.Release|Any CPU.ActiveCfg = Release|iPhoneSimulator
		{BAF443DC-7F6D-44CE-9A69-0E0D85A85D03}.Release|Any CPU.Build.0 = Release|iPhoneSimulator
		{BAF443DC-7F6D-44CE-9A69-0E0D85A85D03}.Release|Any CPU.Deploy.0 = Release|iPhoneSimulator
		{BAF443DC-7F6D-44CE-9A69-0E0D85A85D03}.Release|ARM.ActiveCfg = Release|iPhoneSimulator
		{BAF443DC-7F6D-44CE-9A69-0E0D85A85D03}.Release|ARM.Build.0 = Release|iPhoneSimulator
		{BAF443DC-7F6D-44CE-9A69-0E0D85A85D03}.Release|ARM.Deploy.0 = Release|iPhoneSimulator
		{BAF443DC-7F6D-44CE-9A69-0E0D85A85D03}.Release|iPhone.ActiveCfg = Release|iPhone
		{BAF443DC-7F6D-44CE-9A69-0E0D85A85D03}.Release|iPhone.Build.0 = Release|iPhone
		{BAF443DC-7F6D-44CE-9A69-0E0D85A85D03}.Release|iPhone.Deploy.0 = Release|iPhone
		{BAF443DC-7F6D-44CE-9A69-0E0D85A85D03}.Release|iPhoneSimulator.ActiveCfg = Release|iPhoneSimulator
		{BAF443DC-7F6D-44CE-9A69-0E0D85A85D03}.Release|iPhoneSimulator.Build.0 = Release|iPhoneSimulator
		{BAF443DC-7F6D-44CE-9A69-0E0D85A85D03}.Release|iPhoneSimulator.Deploy.0 = Release|iPhoneSimulator
		{BAF443DC-7F6D-44CE-9A69-0E0D85A85D03}.Release|x64.ActiveCfg = Release|iPhoneSimulator
		{BAF443DC-7F6D-44CE-9A69-0E0D85A85D03}.Release|x64.Build.0 = Release|iPhoneSimulator
		{BAF443DC-7F6D-44CE-9A69-0E0D85A85D03}.Release|x64.Deploy.0 = Release|iPhoneSimulator
		{BAF443DC-7F6D-44CE-9A69-0E0D85A85D03}.Release|x86.ActiveCfg = Release|iPhoneSimulator
		{BAF443DC-7F6D-44CE-9A69-0E0D85A85D03}.Release|x86.Build.0 = Release|iPhoneSimulator
		{BAF443DC-7F6D-44CE-9A69-0E0D85A85D03}.Release|x86.Deploy.0 = Release|iPhoneSimulator
		{B0DEFEA3-7D2F-440C-9DA4-71B505FBE84C}.Debug|Any CPU.ActiveCfg = Debug|Any CPU
		{B0DEFEA3-7D2F-440C-9DA4-71B505FBE84C}.Debug|Any CPU.Build.0 = Debug|Any CPU
		{B0DEFEA3-7D2F-440C-9DA4-71B505FBE84C}.Debug|Any CPU.Deploy.0 = Debug|Any CPU
		{B0DEFEA3-7D2F-440C-9DA4-71B505FBE84C}.Debug|ARM.ActiveCfg = Debug|Any CPU
		{B0DEFEA3-7D2F-440C-9DA4-71B505FBE84C}.Debug|ARM.Build.0 = Debug|Any CPU
		{B0DEFEA3-7D2F-440C-9DA4-71B505FBE84C}.Debug|ARM.Deploy.0 = Debug|Any CPU
		{B0DEFEA3-7D2F-440C-9DA4-71B505FBE84C}.Debug|iPhone.ActiveCfg = Debug|Any CPU
		{B0DEFEA3-7D2F-440C-9DA4-71B505FBE84C}.Debug|iPhone.Build.0 = Debug|Any CPU
		{B0DEFEA3-7D2F-440C-9DA4-71B505FBE84C}.Debug|iPhone.Deploy.0 = Debug|Any CPU
		{B0DEFEA3-7D2F-440C-9DA4-71B505FBE84C}.Debug|iPhoneSimulator.ActiveCfg = Debug|Any CPU
		{B0DEFEA3-7D2F-440C-9DA4-71B505FBE84C}.Debug|iPhoneSimulator.Build.0 = Debug|Any CPU
		{B0DEFEA3-7D2F-440C-9DA4-71B505FBE84C}.Debug|iPhoneSimulator.Deploy.0 = Debug|Any CPU
		{B0DEFEA3-7D2F-440C-9DA4-71B505FBE84C}.Debug|x64.ActiveCfg = Debug|Any CPU
		{B0DEFEA3-7D2F-440C-9DA4-71B505FBE84C}.Debug|x64.Build.0 = Debug|Any CPU
		{B0DEFEA3-7D2F-440C-9DA4-71B505FBE84C}.Debug|x64.Deploy.0 = Debug|Any CPU
		{B0DEFEA3-7D2F-440C-9DA4-71B505FBE84C}.Debug|x86.ActiveCfg = Debug|Any CPU
		{B0DEFEA3-7D2F-440C-9DA4-71B505FBE84C}.Debug|x86.Build.0 = Debug|Any CPU
		{B0DEFEA3-7D2F-440C-9DA4-71B505FBE84C}.Debug|x86.Deploy.0 = Debug|Any CPU
		{B0DEFEA3-7D2F-440C-9DA4-71B505FBE84C}.Release|Any CPU.ActiveCfg = Release|Any CPU
		{B0DEFEA3-7D2F-440C-9DA4-71B505FBE84C}.Release|Any CPU.Build.0 = Release|Any CPU
		{B0DEFEA3-7D2F-440C-9DA4-71B505FBE84C}.Release|Any CPU.Deploy.0 = Release|Any CPU
		{B0DEFEA3-7D2F-440C-9DA4-71B505FBE84C}.Release|ARM.ActiveCfg = Release|Any CPU
		{B0DEFEA3-7D2F-440C-9DA4-71B505FBE84C}.Release|ARM.Build.0 = Release|Any CPU
		{B0DEFEA3-7D2F-440C-9DA4-71B505FBE84C}.Release|ARM.Deploy.0 = Release|Any CPU
		{B0DEFEA3-7D2F-440C-9DA4-71B505FBE84C}.Release|iPhone.ActiveCfg = Release|Any CPU
		{B0DEFEA3-7D2F-440C-9DA4-71B505FBE84C}.Release|iPhone.Build.0 = Release|Any CPU
		{B0DEFEA3-7D2F-440C-9DA4-71B505FBE84C}.Release|iPhone.Deploy.0 = Release|Any CPU
		{B0DEFEA3-7D2F-440C-9DA4-71B505FBE84C}.Release|iPhoneSimulator.ActiveCfg = Release|Any CPU
		{B0DEFEA3-7D2F-440C-9DA4-71B505FBE84C}.Release|iPhoneSimulator.Build.0 = Release|Any CPU
		{B0DEFEA3-7D2F-440C-9DA4-71B505FBE84C}.Release|iPhoneSimulator.Deploy.0 = Release|Any CPU
		{B0DEFEA3-7D2F-440C-9DA4-71B505FBE84C}.Release|x64.ActiveCfg = Release|Any CPU
		{B0DEFEA3-7D2F-440C-9DA4-71B505FBE84C}.Release|x64.Build.0 = Release|Any CPU
		{B0DEFEA3-7D2F-440C-9DA4-71B505FBE84C}.Release|x64.Deploy.0 = Release|Any CPU
		{B0DEFEA3-7D2F-440C-9DA4-71B505FBE84C}.Release|x86.ActiveCfg = Release|Any CPU
		{B0DEFEA3-7D2F-440C-9DA4-71B505FBE84C}.Release|x86.Build.0 = Release|Any CPU
		{B0DEFEA3-7D2F-440C-9DA4-71B505FBE84C}.Release|x86.Deploy.0 = Release|Any CPU
	EndGlobalSection
	GlobalSection(SolutionProperties) = preSolution
		HideSolutionNode = FALSE
	EndGlobalSection
	GlobalSection(ExtensibilityGlobals) = postSolution
		SolutionGuid = {FA93C21E-846B-460A-9DE5-D63C7B77BCD3}
	EndGlobalSection
EndGlobal
